{
  "object": {
    "pins": [
      {
        "package": "HTMLString",
        "repositoryURL": "https://github.com/alexaubry/HTMLString",
        "state": {
          "branch": null,
          "revision": "04613a3b0f40a91e554b5174c0a10657f1a26357",
          "version": "6.0.1"
        }
      },
      {
        "package": "Textino",
        "repositoryURL": "https://github.com/zoejessica/Textino",
        "state": {
          "branch": "main",
          "revision": "df9cc7e97a9b91fd11a8bebcfb15c2b636b230a8",
          "version": null
        }
      }
    ]
  },
  "version": 1
}
